{
  "name": "react-course",
  "lockfileVersion": 3,
  "requires": true,
  "packages": {
    "": {
      "dependencies": {
        "dayjs": "^1.11.23",
        "supersimpledev": "^8.6.4"
      }
    },
    "node_modules/dayjs": {
      "version": "1.11.23",
      "resolved": "https://registry.npmjs.org/dayjs/-/dayjs-1.11.23.tgz",
      "integrity": "sha512-QDTCU0M0MxR3hQfnlDJfwekQiaanm1ubOD231u73WBckQ/fsamwRLiE2GBz6D3a/xF1NgfiDLJjXBa1hYOYTtQ==",
      "license": "MIT"
    },
    "node_modules/supersimpledev": {
      "version": "8.6.4",
      "resolved": "https://registry.npmjs.org/supersimpledev/-/supersimpledev-8.6.4.tgz",
      "integrity": "sha512-zM011XhEpHtHl9O2S7Oc5nOVNOYkMehE+WjP1MsRO1f8BZbwe/OMG3qXVe3e0s8JUx62hMQQXxbATzRMucUkZQ==",
      "license": "MIT",
      "bin": {
        "supersimpledev": "bin/supersimpledev.js"
      }
    }
  }
}
